
Microsoft Visual Studio Solution File, Format Version 12.00
# Visual Studio Version 17
VisualStudioVersion = 17.8.34511.84
MinimumVisualStudioVersion = 10.0.40219.1
Project("{FAE04EC0-301F-11D3-BF4B-00C04F79EFBC}") = "Utils", "Utils.csproj", "{86197422-4573-4D82-8F61-432007F8B125}"
EndProject
Global
	GlobalSection(SolutionConfigurationPlatforms) = preSolution
		Debug|Any CPU = Debug|Any CPU
		Release|Any CPU = Release|Any CPU
	EndGlobalSection
	GlobalSection(ProjectConfigurationPlatforms) = postSolution
		{86197422-4573-4D82-8F61-432007F8B125}.Debug|Any CPU.ActiveCfg = Debug|Any CPU
		{86197422-4573-4D82-8F61-432007F8B125}.Debug|Any CPU.Build.0 = Debug|Any CPU
		{86197422-4573-4D82-8F61-432007F8B125}.Release|Any CPU.ActiveCfg = Release|Any CPU
		{86197422-4573-4D82-8F61-432007F8B125}.Release|Any CPU.Build.0 = Release|Any CPU
	EndGlobalSection
	GlobalSection(SolutionProperties) = preSolution
		HideSolutionNode = FALSE
	EndGlobalSection
	GlobalSection(ExtensibilityGlobals) = postSolution
		SolutionGuid = {50197623-D7AF-43D1-B041-FCFCFE0233FF}
	EndGlobalSection
EndGlobal
